
Microsoft Visual Studio Solution File, Format Version 12.00
# Visual Studio Version 17
VisualStudioVersion = 17.11.35312.102
MinimumVisualStudioVersion = 10.0.40219.1
Project("{FAE04EC0-301F-11D3-BF4B-00C04F79EFBC}") = "Calendar_winforms", "Calendar_winforms\Calendar_winforms.csproj", "{1BFA45AF-8681-473F-96EF-D5239B053ACE}"
EndProject
Global
	GlobalSection(SolutionConfigurationPlatforms) = preSolution
		Debug|Any CPU = Debug|Any CPU
		Release|Any CPU = Release|Any CPU
	EndGlobalSection
	GlobalSection(ProjectConfigurationPlatforms) = postSolution
		{1BFA45AF-8681-473F-96EF-D5239B053ACE}.Debug|Any CPU.ActiveCfg = Debug|Any CPU
		{1BFA45AF-8681-473F-96EF-D5239B053ACE}.Debug|Any CPU.Build.0 = Debug|Any CPU
		{1BFA45AF-8681-473F-96EF-D5239B053ACE}.Release|Any CPU.ActiveCfg = Release|Any CPU
		{1BFA45AF-8681-473F-96EF-D5239B053ACE}.Release|Any CPU.Build.0 = Release|Any CPU
	EndGlobalSection
	GlobalSection(SolutionProperties) = preSolution
		HideSolutionNode = FALSE
	EndGlobalSection
	GlobalSection(ExtensibilityGlobals) = postSolution
		SolutionGuid = {1752DB22-0CA6-43B8-BBC2-0AA55A1D93F6}
	EndGlobalSection
EndGlobal
